// !$*UTF8*$!
{
	archiveVersion = 1;
	classes = {
	};
	objectVersion = 46;
	objects = {

/* Begin PBXBuildFile section */
		25189BDB1F4BC94100A14C37 /* main.m in Sources */ = {isa = PBXBuildFile; fileRef = 25189BDA1F4BC94100A14C37 /* main.m */; };
		25189BDE1F4BC94100A14C37 /* AppDelegate.m in Sources */ = {isa = PBXBuildFile; fileRef = 25189BDD1F4BC94100A14C37 /* AppDelegate.m */; };
		25189BE41F4BC94100A14C37 /* Main.storyboard in Resources */ = {isa = PBXBuildFile; fileRef = 25189BE21F4BC94100A14C37 /* Main.storyboard */; };
		25189BE61F4BC94100A14C37 /* Assets.xcassets in Resources */ = {isa = PBXBuildFile; fileRef = 25189BE51F4BC94100A14C37 /* Assets.xcassets */; };
		25189BE91F4BC94100A14C37 /* LaunchScreen.storyboard in Resources */ = {isa = PBXBuildFile; fileRef = 25189BE71F4BC94100A14C37 /* LaunchScreen.storyboard */; };
		25189BFA1F4BC99800A14C37 /* ViewController.m in Sources */ = {isa = PBXBuildFile; fileRef = 25189BF31F4BC99800A14C37 /* ViewController.m */; };
		25189BFB1F4BC99800A14C37 /* HTCustomButton.m in Sources */ = {isa = PBXBuildFile; fileRef = 25189BF61F4BC99800A14C37 /* HTCustomButton.m */; };
		25189BFC1F4BC99800A14C37 /* UIButton+HTAdditions.m in Sources */ = {isa = PBXBuildFile; fileRef = 25189BF91F4BC99800A14C37 /* UIButton+HTAdditions.m */; };
/* End PBXBuildFile section */

/* Begin PBXFileReference section */
		25189BD61F4BC94100A14C37 /* HTIBInspectableDemo.app */ = {isa = PBXFileReference; explicitFileType = wrapper.application; includeInIndex = 0; path = HTIBInspectableDemo.app; sourceTree = BUILT_PRODUCTS_DIR; };
		25189BDA1F4BC94100A14C37 /* main.m */ = {isa = PBXFileReference; lastKnownFileType = sourcecode.c.objc; path = main.m; sourceTree = "<group>"; };
		25189BDC1F4BC94100A14C37 /* AppDelegate.h */ = {isa = PBXFileReference; lastKnownFileType = sourcecode.c.h; path = AppDelegate.h; sourceTree = "<group>"; };
		25189BDD1F4BC94100A14C37 /* AppDelegate.m */ = {isa = PBXFileReference; lastKnownFileType = sourcecode.c.objc; path = AppDelegate.m; sourceTree = "<group>"; };
		25189BE31F4BC94100A14C37 /* Base */ = {isa = PBXFileReference; lastKnownFileType = file.storyboard; name = Base; path = Base.lproj/Main.storyboard; sourceTree = "<group>"; };
		25189BE51F4BC94100A14C37 /* Assets.xcassets */ = {isa = PBXFileReference; lastKnownFileType = folder.assetcatalog; path = Assets.xcassets; sourceTree = "<group>"; };
		25189BE81F4BC94100A14C37 /* Base */ = {isa = PBXFileReference; lastKnownFileType = file.storyboard; name = Base; path = Base.lproj/LaunchScreen.storyboard; sourceTree = "<group>"; };
		25189BEA1F4BC94100A14C37 /* Info.plist */ = {isa = PBXFileReference; lastKnownFileType = text.plist.xml; path = Info.plist; sourceTree = "<group>"; };
		25189BF21F4BC99800A14C37 /* ViewController.h */ = {isa = PBXFileReference; fileEncoding = 4; lastKnownFileType = sourcecode.c.h; path = ViewController.h; sourceTree = "<group>"; };
		25189BF31F4BC99800A14C37 /* ViewController.m */ = {isa = PBXFileReference; fileEncoding = 4; lastKnownFileType = sourcecode.c.objc; path = ViewController.m; sourceTree = "<group>"; };
		25189BF51F4BC99800A14C37 /* HTCustomButton.h */ = {isa = PBXFileReference; fileEncoding = 4; lastKnownFileType = sourcecode.c.h; path = HTCustomButton.h; sourceTree = "<group>"; };
		25189BF61F4BC99800A14C37 /* HTCustomButton.m */ = {isa = PBXFileReference; fileEncoding = 4; lastKnownFileType = sourcecode.c.objc; path = HTCustomButton.m; sourceTree = "<group>"; };
		25189BF81F4BC99800A14C37 /* UIButton+HTAdditions.h */ = {isa = PBXFileReference; fileEncoding = 4; lastKnownFileType = sourcecode.c.h; path = "UIButton+HTAdditions.h"; sourceTree = "<group>"; };
		25189BF91F4BC99800A14C37 /* UIButton+HTAdditions.m */ = {isa = PBXFileReference; fileEncoding = 4; lastKnownFileType = sourcecode.c.objc; path = "UIButton+HTAdditions.m"; sourceTree = "<group>"; };
/* End PBXFileReference section */

/* Begin PBXFrameworksBuildPhase section */
		25189BD31F4BC94100A14C37 /* Frameworks */ = {
			isa = PBXFrameworksBuildPhase;
			buildActionMask = 2147483647;
			files = (
			);
			runOnlyForDeploymentPostprocessing = 0;
		};
/* End PBXFrameworksBuildPhase section */

/* Begin PBXGroup section */
		25189BCD1F4BC94100A14C37 = {
			isa = PBXGroup;
			children = (
				25189BD81F4BC94100A14C37 /* HTIBInspectableDemo */,
				25189BD71F4BC94100A14C37 /* Products */,
			);
			sourceTree = "<group>";
		};
		25189BD71F4BC94100A14C37 /* Products */ = {
			isa = PBXGroup;
			children = (
				25189BD61F4BC94100A14C37 /* HTIBInspectableDemo.app */,
			);
			name = Products;
			sourceTree = "<group>";
		};
		25189BD81F4BC94100A14C37 /* HTIBInspectableDemo */ = {
			isa = PBXGroup;
			children = (
				25189BF71F4BC99800A14C37 /* UIKit */,
				25189BF01F4BC99800A14C37 /* Src */,
				25189BE21F4BC94100A14C37 /* Main.storyboard */,
				25189BD91F4BC94100A14C37 /* Supporting Files */,
			);
			path = HTIBInspectableDemo;
			sourceTree = "<group>";
		};
		25189BD91F4BC94100A14C37 /* Supporting Files */ = {
			isa = PBXGroup;
			children = (
				25189BE51F4BC94100A14C37 /* Assets.xcassets */,
				25189BDC1F4BC94100A14C37 /* AppDelegate.h */,
				25189BDD1F4BC94100A14C37 /* AppDelegate.m */,
				25189BE71F4BC94100A14C37 /* LaunchScreen.storyboard */,
				25189BEA1F4BC94100A14C37 /* Info.plist */,
				25189BDA1F4BC94100A14C37 /* main.m */,
			);
			name = "Supporting Files";
			sourceTree = "<group>";
		};
		25189BF01F4BC99800A14C37 /* Src */ = {
			isa = PBXGroup;
			children = (
				25189BF11F4BC99800A14C37 /* Controller */,
				25189BF41F4BC99800A14C37 /* View */,
			);
			path = Src;
			sourceTree = "<group>";
		};
		25189BF11F4BC99800A14C37 /* Controller */ = {
			isa = PBXGroup;
			children = (
				25189BF21F4BC99800A14C37 /* ViewController.h */,
				25189BF31F4BC99800A14C37 /* ViewController.m */,
			);
			path = Controller;
			sourceTree = "<group>";
		};
		25189BF41F4BC99800A14C37 /* View */ = {
			isa = PBXGroup;
			children = (
				25189BF51F4BC99800A14C37 /* HTCustomButton.h */,
				25189BF61F4BC99800A14C37 /* HTCustomButton.m */,
			);
			path = View;
			sourceTree = "<group>";
		};
		25189BF71F4BC99800A14C37 /* UIKit */ = {
			isa = PBXGroup;
			children = (
				25189BF81F4BC99800A14C37 /* UIButton+HTAdditions.h */,
				25189BF91F4BC99800A14C37 /* UIButton+HTAdditions.m */,
			);
			path = UIKit;
			sourceTree = "<group>";
		};
/* End PBXGroup section */

/* Begin PBXNativeTarget section */
		25189BD51F4BC94100A14C37 /* HTIBInspectableDemo */ = {
			isa = PBXNativeTarget;
			buildConfigurationList = 25189BED1F4BC94100A14C37 /* Build configuration list for PBXNativeTarget "HTIBInspectableDemo" */;
			buildPhases = (
				25189BD21F4BC94100A14C37 /* Sources */,
				25189BD31F4BC94100A14C37 /* Frameworks */,
				25189BD41F4BC94100A14C37 /* Resources */,
			);
			buildRules = (
			);
			dependencies = (
			);
			name = HTIBInspectableDemo;
			productName = HTIBInspectableDemo;
			productReference = 25189BD61F4BC94100A14C37 /* HTIBInspectableDemo.app */;
			productType = "com.apple.product-type.application";
		};
/* End PBXNativeTarget section */

/* Begin PBXProject section */
		25189BCE1F4BC94100A14C37 /* Project object */ = {
			isa = PBXProject;
			attributes = {
				LastUpgradeCheck = 0830;
				ORGANIZATIONNAME = Martell994;
				TargetAttributes = {
					25189BD51F4BC94100A14C37 = {
						CreatedOnToolsVersion = 8.3.3;
						DevelopmentTeam = 5YDLJAV22H;
						ProvisioningStyle = Automatic;
					};
				};
			};
			buildConfigurationList = 25189BD11F4BC94100A14C37 /* Build configuration list for PBXProject "HTIBInspectableDemo" */;
			compatibilityVersion = "Xcode 3.2";
			developmentRegion = English;
			hasScannedForEncodings = 0;
			knownRegions = (
				en,
				Base,
			);
			mainGroup = 25189BCD1F4BC94100A14C37;
			productRefGroup = 25189BD71F4BC94100A14C37 /* Products */;
			projectDirPath = "";
			projectRoot = "";
			targets = (
				25189BD51F4BC94100A14C37 /* HTIBInspectableDemo */,
			);
		};
/* End PBXProject section */

/* Begin PBXResourcesBuildPhase section */
		25189BD41F4BC94100A14C37 /* Resources */ = {
			isa = PBXResourcesBuildPhase;
			buildActionMask = 2147483647;
			files = (
				25189BE91F4BC94100A14C37 /* LaunchScreen.storyboard in Resources */,
				25189BE61F4BC94100A14C37 /* Assets.xcassets in Resources */,
				25189BE41F4BC94100A14C37 /* Main.storyboard in Resources */,
			);
			runOnlyForDeploymentPostprocessing = 0;
		};
/* End PBXResourcesBuildPhase section */

/* Begin PBXSourcesBuildPhase section */
		25189BD21F4BC94100A14C37 /* Sources */ = {
			isa = PBXSourcesBuildPhase;
			buildActionMask = 2147483647;
			files = (
				25189BFB1F4BC99800A14C37 /* HTCustomButton.m in Sources */,
				25189BFC1F4BC99800A14C37 /* UIButton+HTAdditions.m in Sources */,
				25189BDE1F4BC94100A14C37 /* AppDelegate.m in Sources */,
				25189BFA1F4BC99800A14C37 /* ViewController.m in Sources */,
				25189BDB1F4BC94100A14C37 /* main.m in Sources */,
			);
			runOnlyForDeploymentPostprocessing = 0;
		};
/* End PBXSourcesBuildPhase section */

/* Begin PBXVariantGroup section */
		25189BE21F4BC94100A14C37 /* Main.storyboard */ = {
			isa = PBXVariantGroup;
			children = (
				25189BE31F4BC94100A14C37 /* Base */,
			);
			name = Main.storyboard;
			sourceTree = "<group>";
		};
		25189BE71F4BC94100A14C37 /* LaunchScreen.storyboard */ = {
			isa = PBXVariantGroup;
			children = (
				25189BE81F4BC94100A14C37 /* Base */,
			);
			name = LaunchScreen.storyboard;
			sourceTree = "<group>";
		};
/* End PBXVariantGroup section */

/* Begin XCBuildConfiguration section */
		25189BEB1F4BC94100A14C37 /* Debug */ = {
			isa = XCBuildConfiguration;
			buildSettings = {
				ALWAYS_SEARCH_USER_PATHS = NO;
				CLANG_ANALYZER_NONNULL = YES;
				CLANG_ANALYZER_NUMBER_OBJECT_CONVERSION = YES_AGGRESSIVE;
				CLANG_CXX_LANGUAGE_STANDARD = "gnu++0x";
				CLANG_CXX_LIBRARY = "libc++";
				CLANG_ENABLE_MODULES = YES;
				CLANG_ENABLE_OBJC_ARC = YES;
				CLANG_WARN_BOOL_CONVERSION = YES;
				CLANG_WARN_CONSTANT_CONVERSION = YES;
				CLANG_WARN_DIRECT_OBJC_ISA_USAGE = YES_ERROR;
				CLANG_WARN_DOCUMENTATION_COMMENTS = YES;
				CLANG_WARN_EMPTY_BODY = YES;
				CLANG_WARN_ENUM_CONVERSION = YES;
				CLANG_WARN_INFINITE_RECURSION = YES;
				CLANG_WARN_INT_CONVERSION = YES;
				CLANG_WARN_OBJC_ROOT_CLASS = YES_ERROR;
				CLANG_WARN_SUSPICIOUS_MOVE = YES;
				CLANG_WARN_UNREACHABLE_CODE = YES;
				CLANG_WARN__DUPLICATE_METHOD_MATCH = YES;
				"CODE_SIGN_IDENTITY[sdk=iphoneos*]" = "iPhone Developer";
				COPY_PHASE_STRIP = NO;
				DEBUG_INFORMATION_FORMAT = dwarf;
				ENABLE_STRICT_OBJC_MSGSEND = YES;
				ENABLE_TESTABILITY = YES;
				GCC_C_LANGUAGE_STANDARD = gnu99;
				GCC_DYNAMIC_NO_PIC = NO;
				GCC_NO_COMMON_BLOCKS = YES;
				GCC_OPTIMIZATION_LEVEL = 0;
				GCC_PREPROCESSOR_DEFINITIONS = (
					"DEBUG=1",
					"$(inherited)",
				);
				GCC_WARN_64_TO_32_BIT_CONVERSION = YES;
				GCC_WARN_ABOUT_RETURN_TYPE = YES_ERROR;
				GCC_WARN_UNDECLARED_SELECTOR = YES;
				GCC_WARN_UNINITIALIZED_AUTOS = YES_AGGRESSIVE;
				GCC_WARN_UNUSED_FUNCTION = YES;
				GCC_WARN_UNUSED_VARIABLE = YES;
				IPHONEOS_DEPLOYMENT_TARGET = 10.3;
				MTL_ENABLE_DEBUG_INFO = YES;
				ONLY_ACTIVE_ARCH = YES;
				SDKROOT = iphoneos;
			};
			name = Debug;
		};
		25189BEC1F4BC94100A14C37 /* Release */ = {
			isa = XCBuildConfiguration;
			buildSettings = {
				ALWAYS_SEARCH_USER_PATHS = NO;
				CLANG_ANALYZER_NONNULL = YES;
				CLANG_ANALYZER_NUMBER_OBJECT_CONVERSION = YES_AGGRESSIVE;
				CLANG_CXX_LANGUAGE_STANDARD = "gnu++0x";
				CLANG_CXX_LIBRARY = "libc++";
				CLANG_ENABLE_MODULES = YES;
				CLANG_ENABLE_OBJC_ARC = YES;
				CLANG_WARN_BOOL_CONVERSION = YES;
				CLANG_WARN_CONSTANT_CONVERSION = YES;
				CLANG_WARN_DIRECT_OBJC_ISA_USAGE = YES_ERROR;
				CLANG_WARN_DOCUMENTATION_COMMENTS = YES;
				CLANG_WARN_EMPTY_BODY = YES;
				CLANG_WARN_ENUM_CONVERSION = YES;
				CLANG_WARN_INFINITE_RECURSION = YES;
				CLANG_WARN_INT_CONVERSION = YES;
				CLANG_WARN_OBJC_ROOT_CLASS = YES_ERROR;
				CLANG_WARN_SUSPICIOUS_MOVE = YES;
				CLANG_WARN_UNREACHABLE_CODE = YES;
				CLANG_WARN__DUPLICATE_METHOD_MATCH = YES;
				"CODE_SIGN_IDENTITY[sdk=iphoneos*]" = "iPhone Developer";
				COPY_PHASE_STRIP = NO;
				DEBUG_INFORMATION_FORMAT = "dwarf-with-dsym";
				ENABLE_NS_ASSERTIONS = NO;
				ENABLE_STRICT_OBJC_MSGSEND = YES;
				GCC_C_LANGUAGE_STANDARD = gnu99;
				GCC_NO_COMMON_BLOCKS = YES;
				GCC_WARN_64_TO_32_BIT_CONVERSION = YES;
				GCC_WARN_ABOUT_RETURN_TYPE = YES_ERROR;
				GCC_WARN_UNDECLARED_SELECTOR = YES;
				GCC_WARN_UNINITIALIZED_AUTOS = YES_AGGRESSIVE;
				GCC_WARN_UNUSED_FUNCTION = YES;
				GCC_WARN_UNUSED_VARIABLE = YES;
				IPHONEOS_DEPLOYMENT_TARGET = 10.3;
				MTL_ENABLE_DEBUG_INFO = NO;
				SDKROOT = iphoneos;
				VALIDATE_PRODUCT = YES;
			};
			name = Release;
		};
		25189BEE1F4BC94100A14C37 /* Debug */ = {
			isa = XCBuildConfiguration;
			buildSettings = {
				ASSETCATALOG_COMPILER_APPICON_NAME = AppIcon;
				DEVELOPMENT_TEAM = 5YDLJAV22H;
				INFOPLIST_FILE = HTIBInspectableDemo/Info.plist;
				LD_RUNPATH_SEARCH_PATHS = "$(inherited) @executable_path/Frameworks";
				PRODUCT_BUNDLE_IDENTIFIER = com.Martell994.HTIBInspectableDemo;
				PRODUCT_NAME = "$(TARGET_NAME)";
			};
			name = Debug;
		};
		25189BEF1F4BC94100A14C37 /* Release */ = {
			isa = XCBuildConfiguration;
			buildSettings = {
				ASSETCATALOG_COMPILER_APPICON_NAME = AppIcon;
				DEVELOPMENT_TEAM = 5YDLJAV22H;
				INFOPLIST_FILE = HTIBInspectableDemo/Info.plist;
				LD_RUNPATH_SEARCH_PATHS = "$(inherited) @executable_path/Frameworks";
				PRODUCT_BUNDLE_IDENTIFIER = com.Martell994.HTIBInspectableDemo;
				PRODUCT_NAME = "$(TARGET_NAME)";
			};
			name = Release;
		};
/* End XCBuildConfiguration section */

/* Begin XCConfigurationList section */
		25189BD11F4BC94100A14C37 /* Build configuration list for PBXProject "HTIBInspectableDemo" */ = {
			isa = XCConfigurationList;
			buildConfigurations = (
				25189BEB1F4BC94100A14C37 /* Debug */,
				25189BEC1F4BC94100A14C37 /* Release */,
			);
			defaultConfigurationIsVisible = 0;
			defaultConfigurationName = Release;
		};
		25189BED1F4BC94100A14C37 /* Build configuration list for PBXNativeTarget "HTIBInspectableDemo" */ = {
			isa = XCConfigurationList;
			buildConfigurations = (
				25189BEE1F4BC94100A14C37 /* Debug */,
				25189BEF1F4BC94100A14C37 /* Release */,
			);
			defaultConfigurationIsVisible = 0;
		};
/* End XCConfigurationList section */
	};
	rootObject = 25189BCE1F4BC94100A14C37 /* Project object */;
}
